
Microsoft Visual Studio Solution File, Format Version 12.00
# Visual Studio Version 17
VisualStudioVersion = 17.3.32825.248
MinimumVisualStudioVersion = 10.0.40219.1
Project("{9A19103F-16F7-4668-BE54-9A1E7A4F7556}") = "LAB2Array", "LAB2Array.csproj", "{D7EC4E9F-91A6-46AA-BC8C-2534FDFA6727}"
EndProject
Project("{9A19103F-16F7-4668-BE54-9A1E7A4F7556}") = "ArrLib", "..\IntegralLib\ArrLib.csproj", "{D47F78AD-032A-470E-B197-3DF5A4BCCB7E}"
EndProject
Project("{9A19103F-16F7-4668-BE54-9A1E7A4F7556}") = "ArrLibTests", "..\ArrLibTests\ArrLibTests.csproj", "{904AB4DC-B3E6-4996-86D6-B9E746F8958E}"
EndProject
Global
	GlobalSection(SolutionConfigurationPlatforms) = preSolution
		Debug|Any CPU = Debug|Any CPU
		Release|Any CPU = Release|Any CPU
	EndGlobalSection
	GlobalSection(ProjectConfigurationPlatforms) = postSolution
		{D7EC4E9F-91A6-46AA-BC8C-2534FDFA6727}.Debug|Any CPU.ActiveCfg = Debug|Any CPU
		{D7EC4E9F-91A6-46AA-BC8C-2534FDFA6727}.Debug|Any CPU.Build.0 = Debug|Any CPU
		{D7EC4E9F-91A6-46AA-BC8C-2534FDFA6727}.Release|Any CPU.ActiveCfg = Release|Any CPU
		{D7EC4E9F-91A6-46AA-BC8C-2534FDFA6727}.Release|Any CPU.Build.0 = Release|Any CPU
		{D47F78AD-032A-470E-B197-3DF5A4BCCB7E}.Debug|Any CPU.ActiveCfg = Debug|Any CPU
		{D47F78AD-032A-470E-B197-3DF5A4BCCB7E}.Debug|Any CPU.Build.0 = Debug|Any CPU
		{D47F78AD-032A-470E-B197-3DF5A4BCCB7E}.Release|Any CPU.ActiveCfg = Release|Any CPU
		{D47F78AD-032A-470E-B197-3DF5A4BCCB7E}.Release|Any CPU.Build.0 = Release|Any CPU
		{904AB4DC-B3E6-4996-86D6-B9E746F8958E}.Debug|Any CPU.ActiveCfg = Debug|Any CPU
		{904AB4DC-B3E6-4996-86D6-B9E746F8958E}.Debug|Any CPU.Build.0 = Debug|Any CPU
		{904AB4DC-B3E6-4996-86D6-B9E746F8958E}.Release|Any CPU.ActiveCfg = Release|Any CPU
		{904AB4DC-B3E6-4996-86D6-B9E746F8958E}.Release|Any CPU.Build.0 = Release|Any CPU
	EndGlobalSection
	GlobalSection(SolutionProperties) = preSolution
		HideSolutionNode = FALSE
	EndGlobalSection
	GlobalSection(ExtensibilityGlobals) = postSolution
		SolutionGuid = {6D983D11-C9EE-45BF-82C7-6133881E248A}
	EndGlobalSection
EndGlobal
